
Microsoft Visual Studio Solution File, Format Version 12.00
# Visual Studio Version 17
VisualStudioVersion = 17.14.36221.1 d17.14
MinimumVisualStudioVersion = 10.0.40219.1
Project("{FAE04EC0-301F-11D3-BF4B-00C04F79EFBC}") = "BACKEND", "BACKEND\BACKEND.csproj", "{712ECFCA-EFDB-45D2-BECF-4EA9ADB0977B}"
EndProject
Global
	GlobalSection(SolutionConfigurationPlatforms) = preSolution
		Debug|Any CPU = Debug|Any CPU
		Release|Any CPU = Release|Any CPU
	EndGlobalSection
	GlobalSection(ProjectConfigurationPlatforms) = postSolution
		{712ECFCA-EFDB-45D2-BECF-4EA9ADB0977B}.Debug|Any CPU.ActiveCfg = Debug|Any CPU
		{712ECFCA-EFDB-45D2-BECF-4EA9ADB0977B}.Debug|Any CPU.Build.0 = Debug|Any CPU
		{712ECFCA-EFDB-45D2-BECF-4EA9ADB0977B}.Release|Any CPU.ActiveCfg = Release|Any CPU
		{712ECFCA-EFDB-45D2-BECF-4EA9ADB0977B}.Release|Any CPU.Build.0 = Release|Any CPU
	EndGlobalSection
	GlobalSection(SolutionProperties) = preSolution
		HideSolutionNode = FALSE
	EndGlobalSection
	GlobalSection(ExtensibilityGlobals) = postSolution
		SolutionGuid = {A7644011-C3D1-408F-9191-6DDFF39EF2AE}
	EndGlobalSection
EndGlobal
